# Python 3.11 environment used for the initial experiments.
# Install this file, then install -e packages/training --no-deps.
cachetools==5.5.2
emoji==2.14.1
filelock==3.20.0
fsspec==2025.10.0
jinja2==3.1.6
markupsafe==3.0.3
mpmath==1.3.0
networkx==3.4.2
numpy==1.26.4
six==1.17.0
sympy==1.13.1
torch==2.5.1
typing-extensions==4.15.0
